
Microsoft Visual Studio Solution File, Format Version 12.00
# Visual Studio 15
VisualStudioVersion = 15.0.27703.2026
MinimumVisualStudioVersion = 10.0.40219.1
Project("{9A19103F-16F7-4668-BE54-9A1E7A4F7556}") = "Spartan.Elections.Web", "src\Spartan.Elections.Web\Spartan.Elections.Web.csproj", "{711E5DA7-9DD2-469E-95DE-C16BA62BA750}"
EndProject
Project("{2150E333-8FDC-42A3-9474-1A3956D46DE8}") = "Clients", "Clients", "{C4EC1E8E-643D-43CE-A06D-8550BCD3E325}"
EndProject
Project("{9A19103F-16F7-4668-BE54-9A1E7A4F7556}") = "Spartan.Voting.Client", "..\Spartan.Voting\src\Spartan.Voting.Client\Spartan.Voting.Client.csproj", "{0C5166CE-0168-4F67-A15E-DA9583D6B25B}"
EndProject
Project("{9A19103F-16F7-4668-BE54-9A1E7A4F7556}") = "Spartan.Parties.Client", "..\Spartan.Parties\Spartan.Parties.Client\Spartan.Parties.Client.csproj", "{9AD754D0-5DA2-4655-B32C-B618B86610F8}"
EndProject
Project("{9A19103F-16F7-4668-BE54-9A1E7A4F7556}") = "Spartan.Elections.Client", "..\Spartan.Elections\Spartan.Elections.Client\Spartan.Elections.Client.csproj", "{A7FEC1BA-B8BE-4BE7-84CB-2639FDDCBB64}"
EndProject
Global
	GlobalSection(SolutionConfigurationPlatforms) = preSolution
		Debug|Any CPU = Debug|Any CPU
		Debug|x64 = Debug|x64
		Release|Any CPU = Release|Any CPU
		Release|x64 = Release|x64
	EndGlobalSection
	GlobalSection(ProjectConfigurationPlatforms) = postSolution
		{711E5DA7-9DD2-469E-95DE-C16BA62BA750}.Debug|Any CPU.ActiveCfg = Debug|x64
		{711E5DA7-9DD2-469E-95DE-C16BA62BA750}.Debug|x64.ActiveCfg = Debug|x64
		{711E5DA7-9DD2-469E-95DE-C16BA62BA750}.Debug|x64.Build.0 = Debug|x64
		{711E5DA7-9DD2-469E-95DE-C16BA62BA750}.Release|Any CPU.ActiveCfg = Release|x64
		{711E5DA7-9DD2-469E-95DE-C16BA62BA750}.Release|x64.ActiveCfg = Release|x64
		{711E5DA7-9DD2-469E-95DE-C16BA62BA750}.Release|x64.Build.0 = Release|x64
		{0C5166CE-0168-4F67-A15E-DA9583D6B25B}.Debug|Any CPU.ActiveCfg = Debug|Any CPU
		{0C5166CE-0168-4F67-A15E-DA9583D6B25B}.Debug|Any CPU.Build.0 = Debug|Any CPU
		{0C5166CE-0168-4F67-A15E-DA9583D6B25B}.Debug|x64.ActiveCfg = Debug|Any CPU
		{0C5166CE-0168-4F67-A15E-DA9583D6B25B}.Debug|x64.Build.0 = Debug|Any CPU
		{0C5166CE-0168-4F67-A15E-DA9583D6B25B}.Release|Any CPU.ActiveCfg = Release|Any CPU
		{0C5166CE-0168-4F67-A15E-DA9583D6B25B}.Release|Any CPU.Build.0 = Release|Any CPU
		{0C5166CE-0168-4F67-A15E-DA9583D6B25B}.Release|x64.ActiveCfg = Release|Any CPU
		{0C5166CE-0168-4F67-A15E-DA9583D6B25B}.Release|x64.Build.0 = Release|Any CPU
		{9AD754D0-5DA2-4655-B32C-B618B86610F8}.Debug|Any CPU.ActiveCfg = Debug|x64
		{9AD754D0-5DA2-4655-B32C-B618B86610F8}.Debug|x64.ActiveCfg = Debug|x64
		{9AD754D0-5DA2-4655-B32C-B618B86610F8}.Debug|x64.Build.0 = Debug|x64
		{9AD754D0-5DA2-4655-B32C-B618B86610F8}.Release|Any CPU.ActiveCfg = Release|x64
		{9AD754D0-5DA2-4655-B32C-B618B86610F8}.Release|x64.ActiveCfg = Release|x64
		{9AD754D0-5DA2-4655-B32C-B618B86610F8}.Release|x64.Build.0 = Release|x64
		{A7FEC1BA-B8BE-4BE7-84CB-2639FDDCBB64}.Debug|Any CPU.ActiveCfg = Debug|Any CPU
		{A7FEC1BA-B8BE-4BE7-84CB-2639FDDCBB64}.Debug|Any CPU.Build.0 = Debug|Any CPU
		{A7FEC1BA-B8BE-4BE7-84CB-2639FDDCBB64}.Debug|x64.ActiveCfg = Debug|Any CPU
		{A7FEC1BA-B8BE-4BE7-84CB-2639FDDCBB64}.Debug|x64.Build.0 = Debug|Any CPU
		{A7FEC1BA-B8BE-4BE7-84CB-2639FDDCBB64}.Release|Any CPU.ActiveCfg = Release|Any CPU
		{A7FEC1BA-B8BE-4BE7-84CB-2639FDDCBB64}.Release|Any CPU.Build.0 = Release|Any CPU
		{A7FEC1BA-B8BE-4BE7-84CB-2639FDDCBB64}.Release|x64.ActiveCfg = Release|Any CPU
		{A7FEC1BA-B8BE-4BE7-84CB-2639FDDCBB64}.Release|x64.Build.0 = Release|Any CPU
	EndGlobalSection
	GlobalSection(SolutionProperties) = preSolution
		HideSolutionNode = FALSE
	EndGlobalSection
	GlobalSection(NestedProjects) = preSolution
		{0C5166CE-0168-4F67-A15E-DA9583D6B25B} = {C4EC1E8E-643D-43CE-A06D-8550BCD3E325}
		{9AD754D0-5DA2-4655-B32C-B618B86610F8} = {C4EC1E8E-643D-43CE-A06D-8550BCD3E325}
		{A7FEC1BA-B8BE-4BE7-84CB-2639FDDCBB64} = {C4EC1E8E-643D-43CE-A06D-8550BCD3E325}
	EndGlobalSection
	GlobalSection(ExtensibilityGlobals) = postSolution
		SolutionGuid = {2C9EC9A5-99CE-49CA-B5F6-950547C21759}
	EndGlobalSection
EndGlobal
